// !$*UTF8*$!
{
	archiveVersion = 1;
	classes = {
	};
	objectVersion = 46;
	objects = {

/* Begin PBXBuildFile section */
		CD2F95471F0FCCD800A27A05 /* Habit.swift in Sources */ = {isa = PBXBuildFile; fileRef = CD2F95461F0FCCD800A27A05 /* Habit.swift */; };
		CD7EA52B1F110EF300B3F013 /* HabitTableViewCell.swift in Sources */ = {isa = PBXBuildFile; fileRef = CD7EA52A1F110EF300B3F013 /* HabitTableViewCell.swift */; };
		CD7EA52D1F111E7A00B3F013 /* HabitTableViewController.swift in Sources */ = {isa = PBXBuildFile; fileRef = CD7EA52C1F111E7A00B3F013 /* HabitTableViewController.swift */; };
		CDC4929E1F0E9CFE00C2E9F2 /* AppDelegate.swift in Sources */ = {isa = PBXBuildFile; fileRef = CDC4929D1F0E9CFE00C2E9F2 /* AppDelegate.swift */; };
		CDC492A01F0E9CFE00C2E9F2 /* ViewController.swift in Sources */ = {isa = PBXBuildFile; fileRef = CDC4929F1F0E9CFE00C2E9F2 /* ViewController.swift */; };
		CDC492A31F0E9CFE00C2E9F2 /* Main.storyboard in Resources */ = {isa = PBXBuildFile; fileRef = CDC492A11F0E9CFE00C2E9F2 /* Main.storyboard */; };
		CDC492A51F0E9CFE00C2E9F2 /* Assets.xcassets in Resources */ = {isa = PBXBuildFile; fileRef = CDC492A41F0E9CFE00C2E9F2 /* Assets.xcassets */; };
		CDC492A81F0E9CFE00C2E9F2 /* LaunchScreen.storyboard in Resources */ = {isa = PBXBuildFile; fileRef = CDC492A61F0E9CFE00C2E9F2 /* LaunchScreen.storyboard */; };
		CDC492B31F0E9CFE00C2E9F2 /* habittrackTests.swift in Sources */ = {isa = PBXBuildFile; fileRef = CDC492B21F0E9CFE00C2E9F2 /* habittrackTests.swift */; };
/* End PBXBuildFile section */

/* Begin PBXContainerItemProxy section */
		CDC492AF1F0E9CFE00C2E9F2 /* PBXContainerItemProxy */ = {
			isa = PBXContainerItemProxy;
			containerPortal = CDC492921F0E9CFE00C2E9F2 /* Project object */;
			proxyType = 1;
			remoteGlobalIDString = CDC492991F0E9CFE00C2E9F2;
			remoteInfo = habittrack;
		};
/* End PBXContainerItemProxy section */

/* Begin PBXFileReference section */
		CD2F95461F0FCCD800A27A05 /* Habit.swift */ = {isa = PBXFileReference; fileEncoding = 4; lastKnownFileType = sourcecode.swift; path = Habit.swift; sourceTree = "<group>"; };
		CD7EA52A1F110EF300B3F013 /* HabitTableViewCell.swift */ = {isa = PBXFileReference; fileEncoding = 4; lastKnownFileType = sourcecode.swift; path = HabitTableViewCell.swift; sourceTree = "<group>"; };
		CD7EA52C1F111E7A00B3F013 /* HabitTableViewController.swift */ = {isa = PBXFileReference; fileEncoding = 4; lastKnownFileType = sourcecode.swift; path = HabitTableViewController.swift; sourceTree = "<group>"; };
		CDC4929A1F0E9CFE00C2E9F2 /* habittrack.app */ = {isa = PBXFileReference; explicitFileType = wrapper.application; includeInIndex = 0; path = habittrack.app; sourceTree = BUILT_PRODUCTS_DIR; };
		CDC4929D1F0E9CFE00C2E9F2 /* AppDelegate.swift */ = {isa = PBXFileReference; lastKnownFileType = sourcecode.swift; path = AppDelegate.swift; sourceTree = "<group>"; };
		CDC4929F1F0E9CFE00C2E9F2 /* ViewController.swift */ = {isa = PBXFileReference; lastKnownFileType = sourcecode.swift; path = ViewController.swift; sourceTree = "<group>"; };
		CDC492A21F0E9CFE00C2E9F2 /* Base */ = {isa = PBXFileReference; lastKnownFileType = file.storyboard; name = Base; path = Base.lproj/Main.storyboard; sourceTree = "<group>"; };
		CDC492A41F0E9CFE00C2E9F2 /* Assets.xcassets */ = {isa = PBXFileReference; lastKnownFileType = folder.assetcatalog; path = Assets.xcassets; sourceTree = "<group>"; };
		CDC492A71F0E9CFE00C2E9F2 /* Base */ = {isa = PBXFileReference; lastKnownFileType = file.storyboard; name = Base; path = Base.lproj/LaunchScreen.storyboard; sourceTree = "<group>"; };
		CDC492A91F0E9CFE00C2E9F2 /* Info.plist */ = {isa = PBXFileReference; lastKnownFileType = text.plist.xml; path = Info.plist; sourceTree = "<group>"; };
		CDC492AE1F0E9CFE00C2E9F2 /* habittrackTests.xctest */ = {isa = PBXFileReference; explicitFileType = wrapper.cfbundle; includeInIndex = 0; path = habittrackTests.xctest; sourceTree = BUILT_PRODUCTS_DIR; };
		CDC492B21F0E9CFE00C2E9F2 /* habittrackTests.swift */ = {isa = PBXFileReference; lastKnownFileType = sourcecode.swift; path = habittrackTests.swift; sourceTree = "<group>"; };
		CDC492B41F0E9CFE00C2E9F2 /* Info.plist */ = {isa = PBXFileReference; lastKnownFileType = text.plist.xml; path = Info.plist; sourceTree = "<group>"; };
/* End PBXFileReference section */

/* Begin PBXFrameworksBuildPhase section */
		CDC492971F0E9CFE00C2E9F2 /* Frameworks */ = {
			isa = PBXFrameworksBuildPhase;
			buildActionMask = 2147483647;
			files = (
			);
			runOnlyForDeploymentPostprocessing = 0;
		};
		CDC492AB1F0E9CFE00C2E9F2 /* Frameworks */ = {
			isa = PBXFrameworksBuildPhase;
			buildActionMask = 2147483647;
			files = (
			);
			runOnlyForDeploymentPostprocessing = 0;
		};
/* End PBXFrameworksBuildPhase section */

/* Begin PBXGroup section */
		CDC492911F0E9CFE00C2E9F2 = {
			isa = PBXGroup;
			children = (
				CDC4929C1F0E9CFE00C2E9F2 /* habittrack */,
				CDC492B11F0E9CFE00C2E9F2 /* habittrackTests */,
				CDC4929B1F0E9CFE00C2E9F2 /* Products */,
			);
			sourceTree = "<group>";
		};
		CDC4929B1F0E9CFE00C2E9F2 /* Products */ = {
			isa = PBXGroup;
			children = (
				CDC4929A1F0E9CFE00C2E9F2 /* habittrack.app */,
				CDC492AE1F0E9CFE00C2E9F2 /* habittrackTests.xctest */,
			);
			name = Products;
			sourceTree = "<group>";
		};
		CDC4929C1F0E9CFE00C2E9F2 /* habittrack */ = {
			isa = PBXGroup;
			children = (
				CDC4929D1F0E9CFE00C2E9F2 /* AppDelegate.swift */,
				CDC4929F1F0E9CFE00C2E9F2 /* ViewController.swift */,
				CDC492A11F0E9CFE00C2E9F2 /* Main.storyboard */,
				CD7EA52C1F111E7A00B3F013 /* HabitTableViewController.swift */,
				CD7EA52A1F110EF300B3F013 /* HabitTableViewCell.swift */,
				CD2F95461F0FCCD800A27A05 /* Habit.swift */,
				CDC492A41F0E9CFE00C2E9F2 /* Assets.xcassets */,
				CDC492A61F0E9CFE00C2E9F2 /* LaunchScreen.storyboard */,
				CDC492A91F0E9CFE00C2E9F2 /* Info.plist */,
			);
			path = habittrack;
			sourceTree = "<group>";
		};
		CDC492B11F0E9CFE00C2E9F2 /* habittrackTests */ = {
			isa = PBXGroup;
			children = (
				CDC492B21F0E9CFE00C2E9F2 /* habittrackTests.swift */,
				CDC492B41F0E9CFE00C2E9F2 /* Info.plist */,
			);
			path = habittrackTests;
			sourceTree = "<group>";
		};
/* End PBXGroup section */

/* Begin PBXNativeTarget section */
		CDC492991F0E9CFE00C2E9F2 /* habittrack */ = {
			isa = PBXNativeTarget;
			buildConfigurationList = CDC492B71F0E9CFE00C2E9F2 /* Build configuration list for PBXNativeTarget "habittrack" */;
			buildPhases = (
				CDC492961F0E9CFE00C2E9F2 /* Sources */,
				CDC492971F0E9CFE00C2E9F2 /* Frameworks */,
				CDC492981F0E9CFE00C2E9F2 /* Resources */,
			);
			buildRules = (
			);
			dependencies = (
			);
			name = habittrack;
			productName = habittrack;
			productReference = CDC4929A1F0E9CFE00C2E9F2 /* habittrack.app */;
			productType = "com.apple.product-type.application";
		};
		CDC492AD1F0E9CFE00C2E9F2 /* habittrackTests */ = {
			isa = PBXNativeTarget;
			buildConfigurationList = CDC492BA1F0E9CFE00C2E9F2 /* Build configuration list for PBXNativeTarget "habittrackTests" */;
			buildPhases = (
				CDC492AA1F0E9CFE00C2E9F2 /* Sources */,
				CDC492AB1F0E9CFE00C2E9F2 /* Frameworks */,
				CDC492AC1F0E9CFE00C2E9F2 /* Resources */,
			);
			buildRules = (
			);
			dependencies = (
				CDC492B01F0E9CFE00C2E9F2 /* PBXTargetDependency */,
			);
			name = habittrackTests;
			productName = habittrackTests;
			productReference = CDC492AE1F0E9CFE00C2E9F2 /* habittrackTests.xctest */;
			productType = "com.apple.product-type.bundle.unit-test";
		};
/* End PBXNativeTarget section */

/* Begin PBXProject section */
		CDC492921F0E9CFE00C2E9F2 /* Project object */ = {
			isa = PBXProject;
			attributes = {
				LastSwiftUpdateCheck = 0830;
				LastUpgradeCheck = 0830;
				ORGANIZATIONNAME = "Wabi Sabi";
				TargetAttributes = {
					CDC492991F0E9CFE00C2E9F2 = {
						CreatedOnToolsVersion = 8.3.3;
						DevelopmentTeam = BCEHJ7Q973;
						ProvisioningStyle = Automatic;
					};
					CDC492AD1F0E9CFE00C2E9F2 = {
						CreatedOnToolsVersion = 8.3.3;
						ProvisioningStyle = Automatic;
						TestTargetID = CDC492991F0E9CFE00C2E9F2;
					};
				};
			};
			buildConfigurationList = CDC492951F0E9CFE00C2E9F2 /* Build configuration list for PBXProject "habittrack" */;
			compatibilityVersion = "Xcode 3.2";
			developmentRegion = English;
			hasScannedForEncodings = 0;
			knownRegions = (
				en,
				Base,
			);
			mainGroup = CDC492911F0E9CFE00C2E9F2;
			productRefGroup = CDC4929B1F0E9CFE00C2E9F2 /* Products */;
			projectDirPath = "";
			projectRoot = "";
			targets = (
				CDC492991F0E9CFE00C2E9F2 /* habittrack */,
				CDC492AD1F0E9CFE00C2E9F2 /* habittrackTests */,
			);
		};
/* End PBXProject section */

/* Begin PBXResourcesBuildPhase section */
		CDC492981F0E9CFE00C2E9F2 /* Resources */ = {
			isa = PBXResourcesBuildPhase;
			buildActionMask = 2147483647;
			files = (
				CDC492A81F0E9CFE00C2E9F2 /* LaunchScreen.storyboard in Resources */,
				CDC492A51F0E9CFE00C2E9F2 /* Assets.xcassets in Resources */,
				CDC492A31F0E9CFE00C2E9F2 /* Main.storyboard in Resources */,
			);
			runOnlyForDeploymentPostprocessing = 0;
		};
		CDC492AC1F0E9CFE00C2E9F2 /* Resources */ = {
			isa = PBXResourcesBuildPhase;
			buildActionMask = 2147483647;
			files = (
			);
			runOnlyForDeploymentPostprocessing = 0;
		};
/* End PBXResourcesBuildPhase section */

/* Begin PBXSourcesBuildPhase section */
		CDC492961F0E9CFE00C2E9F2 /* Sources */ = {
			isa = PBXSourcesBuildPhase;
			buildActionMask = 2147483647;
			files = (
				CD2F95471F0FCCD800A27A05 /* Habit.swift in Sources */,
				CD7EA52D1F111E7A00B3F013 /* HabitTableViewController.swift in Sources */,
				CDC492A01F0E9CFE00C2E9F2 /* ViewController.swift in Sources */,
				CD7EA52B1F110EF300B3F013 /* HabitTableViewCell.swift in Sources */,
				CDC4929E1F0E9CFE00C2E9F2 /* AppDelegate.swift in Sources */,
			);
			runOnlyForDeploymentPostprocessing = 0;
		};
		CDC492AA1F0E9CFE00C2E9F2 /* Sources */ = {
			isa = PBXSourcesBuildPhase;
			buildActionMask = 2147483647;
			files = (
				CDC492B31F0E9CFE00C2E9F2 /* habittrackTests.swift in Sources */,
			);
			runOnlyForDeploymentPostprocessing = 0;
		};
/* End PBXSourcesBuildPhase section */

/* Begin PBXTargetDependency section */
		CDC492B01F0E9CFE00C2E9F2 /* PBXTargetDependency */ = {
			isa = PBXTargetDependency;
			target = CDC492991F0E9CFE00C2E9F2 /* habittrack */;
			targetProxy = CDC492AF1F0E9CFE00C2E9F2 /* PBXContainerItemProxy */;
		};
/* End PBXTargetDependency section */

/* Begin PBXVariantGroup section */
		CDC492A11F0E9CFE00C2E9F2 /* Main.storyboard */ = {
			isa = PBXVariantGroup;
			children = (
				CDC492A21F0E9CFE00C2E9F2 /* Base */,
			);
			name = Main.storyboard;
			sourceTree = "<group>";
		};
		CDC492A61F0E9CFE00C2E9F2 /* LaunchScreen.storyboard */ = {
			isa = PBXVariantGroup;
			children = (
				CDC492A71F0E9CFE00C2E9F2 /* Base */,
			);
			name = LaunchScreen.storyboard;
			sourceTree = "<group>";
		};
/* End PBXVariantGroup section */

/* Begin XCBuildConfiguration section */
		CDC492B51F0E9CFE00C2E9F2 /* Debug */ = {
			isa = XCBuildConfiguration;
			buildSettings = {
				ALWAYS_SEARCH_USER_PATHS = NO;
				CLANG_ANALYZER_NONNULL = YES;
				CLANG_ANALYZER_NUMBER_OBJECT_CONVERSION = YES_AGGRESSIVE;
				CLANG_CXX_LANGUAGE_STANDARD = "gnu++0x";
				CLANG_CXX_LIBRARY = "libc++";
				CLANG_ENABLE_MODULES = YES;
				CLANG_ENABLE_OBJC_ARC = YES;
				CLANG_WARN_BOOL_CONVERSION = YES;
				CLANG_WARN_CONSTANT_CONVERSION = YES;
				CLANG_WARN_DIRECT_OBJC_ISA_USAGE = YES_ERROR;
				CLANG_WARN_DOCUMENTATION_COMMENTS = YES;
				CLANG_WARN_EMPTY_BODY = YES;
				CLANG_WARN_ENUM_CONVERSION = YES;
				CLANG_WARN_INFINITE_RECURSION = YES;
				CLANG_WARN_INT_CONVERSION = YES;
				CLANG_WARN_OBJC_ROOT_CLASS = YES_ERROR;
				CLANG_WARN_SUSPICIOUS_MOVE = YES;
				CLANG_WARN_UNREACHABLE_CODE = YES;
				CLANG_WARN__DUPLICATE_METHOD_MATCH = YES;
				"CODE_SIGN_IDENTITY[sdk=iphoneos*]" = "iPhone Developer";
				COPY_PHASE_STRIP = NO;
				DEBUG_INFORMATION_FORMAT = dwarf;
				ENABLE_STRICT_OBJC_MSGSEND = YES;
				ENABLE_TESTABILITY = YES;
				GCC_C_LANGUAGE_STANDARD = gnu99;
				GCC_DYNAMIC_NO_PIC = NO;
				GCC_NO_COMMON_BLOCKS = YES;
				GCC_OPTIMIZATION_LEVEL = 0;
				GCC_PREPROCESSOR_DEFINITIONS = (
					"DEBUG=1",
					"$(inherited)",
				);
				GCC_WARN_64_TO_32_BIT_CONVERSION = YES;
				GCC_WARN_ABOUT_RETURN_TYPE = YES_ERROR;
				GCC_WARN_UNDECLARED_SELECTOR = YES;
				GCC_WARN_UNINITIALIZED_AUTOS = YES_AGGRESSIVE;
				GCC_WARN_UNUSED_FUNCTION = YES;
				GCC_WARN_UNUSED_VARIABLE = YES;
				IPHONEOS_DEPLOYMENT_TARGET = 10.3;
				MTL_ENABLE_DEBUG_INFO = YES;
				ONLY_ACTIVE_ARCH = YES;
				SDKROOT = iphoneos;
				SWIFT_ACTIVE_COMPILATION_CONDITIONS = DEBUG;
				SWIFT_OPTIMIZATION_LEVEL = "-Onone";
				TARGETED_DEVICE_FAMILY = "1,2";
			};
			name = Debug;
		};
		CDC492B61F0E9CFE00C2E9F2 /* Release */ = {
			isa = XCBuildConfiguration;
			buildSettings = {
				ALWAYS_SEARCH_USER_PATHS = NO;
				CLANG_ANALYZER_NONNULL = YES;
				CLANG_ANALYZER_NUMBER_OBJECT_CONVERSION = YES_AGGRESSIVE;
				CLANG_CXX_LANGUAGE_STANDARD = "gnu++0x";
				CLANG_CXX_LIBRARY = "libc++";
				CLANG_ENABLE_MODULES = YES;
				CLANG_ENABLE_OBJC_ARC = YES;
				CLANG_WARN_BOOL_CONVERSION = YES;
				CLANG_WARN_CONSTANT_CONVERSION = YES;
				CLANG_WARN_DIRECT_OBJC_ISA_USAGE = YES_ERROR;
				CLANG_WARN_DOCUMENTATION_COMMENTS = YES;
				CLANG_WARN_EMPTY_BODY = YES;
				CLANG_WARN_ENUM_CONVERSION = YES;
				CLANG_WARN_INFINITE_RECURSION = YES;
				CLANG_WARN_INT_CONVERSION = YES;
				CLANG_WARN_OBJC_ROOT_CLASS = YES_ERROR;
				CLANG_WARN_SUSPICIOUS_MOVE = YES;
				CLANG_WARN_UNREACHABLE_CODE = YES;
				CLANG_WARN__DUPLICATE_METHOD_MATCH = YES;
				"CODE_SIGN_IDENTITY[sdk=iphoneos*]" = "iPhone Developer";
				COPY_PHASE_STRIP = NO;
				DEBUG_INFORMATION_FORMAT = "dwarf-with-dsym";
				ENABLE_NS_ASSERTIONS = NO;
				ENABLE_STRICT_OBJC_MSGSEND = YES;
				GCC_C_LANGUAGE_STANDARD = gnu99;
				GCC_NO_COMMON_BLOCKS = YES;
				GCC_WARN_64_TO_32_BIT_CONVERSION = YES;
				GCC_WARN_ABOUT_RETURN_TYPE = YES_ERROR;
				GCC_WARN_UNDECLARED_SELECTOR = YES;
				GCC_WARN_UNINITIALIZED_AUTOS = YES_AGGRESSIVE;
				GCC_WARN_UNUSED_FUNCTION = YES;
				GCC_WARN_UNUSED_VARIABLE = YES;
				IPHONEOS_DEPLOYMENT_TARGET = 10.3;
				MTL_ENABLE_DEBUG_INFO = NO;
				SDKROOT = iphoneos;
				SWIFT_OPTIMIZATION_LEVEL = "-Owholemodule";
				TARGETED_DEVICE_FAMILY = "1,2";
				VALIDATE_PRODUCT = YES;
			};
			name = Release;
		};
		CDC492B81F0E9CFE00C2E9F2 /* Debug */ = {
			isa = XCBuildConfiguration;
			buildSettings = {
				ASSETCATALOG_COMPILER_APPICON_NAME = AppIcon;
				DEVELOPMENT_TEAM = BCEHJ7Q973;
				INFOPLIST_FILE = habittrack/Info.plist;
				LD_RUNPATH_SEARCH_PATHS = "$(inherited) @executable_path/Frameworks";
				PRODUCT_BUNDLE_IDENTIFIER = com.example.habittrack;
				PRODUCT_NAME = "$(TARGET_NAME)";
				SWIFT_VERSION = 3.0;
			};
			name = Debug;
		};
		CDC492B91F0E9CFE00C2E9F2 /* Release */ = {
			isa = XCBuildConfiguration;
			buildSettings = {
				ASSETCATALOG_COMPILER_APPICON_NAME = AppIcon;
				DEVELOPMENT_TEAM = BCEHJ7Q973;
				INFOPLIST_FILE = habittrack/Info.plist;
				LD_RUNPATH_SEARCH_PATHS = "$(inherited) @executable_path/Frameworks";
				PRODUCT_BUNDLE_IDENTIFIER = com.example.habittrack;
				PRODUCT_NAME = "$(TARGET_NAME)";
				SWIFT_VERSION = 3.0;
			};
			name = Release;
		};
		CDC492BB1F0E9CFE00C2E9F2 /* Debug */ = {
			isa = XCBuildConfiguration;
			buildSettings = {
				ALWAYS_EMBED_SWIFT_STANDARD_LIBRARIES = YES;
				BUNDLE_LOADER = "$(TEST_HOST)";
				INFOPLIST_FILE = habittrackTests/Info.plist;
				LD_RUNPATH_SEARCH_PATHS = "$(inherited) @executable_path/Frameworks @loader_path/Frameworks";
				PRODUCT_BUNDLE_IDENTIFIER = com.example.habittrackTests;
				PRODUCT_NAME = "$(TARGET_NAME)";
				SWIFT_VERSION = 3.0;
				TEST_HOST = "$(BUILT_PRODUCTS_DIR)/habittrack.app/habittrack";
			};
			name = Debug;
		};
		CDC492BC1F0E9CFE00C2E9F2 /* Release */ = {
			isa = XCBuildConfiguration;
			buildSettings = {
				ALWAYS_EMBED_SWIFT_STANDARD_LIBRARIES = YES;
				BUNDLE_LOADER = "$(TEST_HOST)";
				INFOPLIST_FILE = habittrackTests/Info.plist;
				LD_RUNPATH_SEARCH_PATHS = "$(inherited) @executable_path/Frameworks @loader_path/Frameworks";
				PRODUCT_BUNDLE_IDENTIFIER = com.example.habittrackTests;
				PRODUCT_NAME = "$(TARGET_NAME)";
				SWIFT_VERSION = 3.0;
				TEST_HOST = "$(BUILT_PRODUCTS_DIR)/habittrack.app/habittrack";
			};
			name = Release;
		};
/* End XCBuildConfiguration section */

/* Begin XCConfigurationList section */
		CDC492951F0E9CFE00C2E9F2 /* Build configuration list for PBXProject "habittrack" */ = {
			isa = XCConfigurationList;
			buildConfigurations = (
				CDC492B51F0E9CFE00C2E9F2 /* Debug */,
				CDC492B61F0E9CFE00C2E9F2 /* Release */,
			);
			defaultConfigurationIsVisible = 0;
			defaultConfigurationName = Release;
		};
		CDC492B71F0E9CFE00C2E9F2 /* Build configuration list for PBXNativeTarget "habittrack" */ = {
			isa = XCConfigurationList;
			buildConfigurations = (
				CDC492B81F0E9CFE00C2E9F2 /* Debug */,
				CDC492B91F0E9CFE00C2E9F2 /* Release */,
			);
			defaultConfigurationIsVisible = 0;
			defaultConfigurationName = Release;
		};
		CDC492BA1F0E9CFE00C2E9F2 /* Build configuration list for PBXNativeTarget "habittrackTests" */ = {
			isa = XCConfigurationList;
			buildConfigurations = (
				CDC492BB1F0E9CFE00C2E9F2 /* Debug */,
				CDC492BC1F0E9CFE00C2E9F2 /* Release */,
			);
			defaultConfigurationIsVisible = 0;
			defaultConfigurationName = Release;
		};
/* End XCConfigurationList section */
	};
	rootObject = CDC492921F0E9CFE00C2E9F2 /* Project object */;
}
